{
  "name": "app",
  "lockfileVersion": 3,
  "requires": true,
  "packages": {
    "": {
      "devDependencies": {
        "@types/react": "^19.2.5"
      }
    },
    "node_modules/@types/react": {
      "version": "19.2.5",
      "resolved": "https://registry.npmjs.org/@types/react/-/react-19.2.5.tgz",
      "integrity": "sha512-keKxkZMqnDicuvFoJbzrhbtdLSPhj/rZThDlKWCDbgXmUg0rEUFtRssDXKYmtXluZlIqiC5VqkCgRwzuyLHKHw==",
      "dev": true,
      "license": "MIT",
      "dependencies": {
        "csstype": "^3.0.2"
      }
    },
    "node_modules/csstype": {
      "version": "3.2.1",
      "resolved": "https://registry.npmjs.org/csstype/-/csstype-3.2.1.tgz",
      "integrity": "sha512-98XGutrXoh75MlgLihlNxAGbUuFQc7l1cqcnEZlLNKc0UrVdPndgmaDmYTDDh929VS/eqTZV0rozmhu2qqT1/g==",
      "dev": true,
      "license": "MIT"
    }
  }
}
